Microsoft Visual Studio Solution File, Format Version 12.00
# Visual Studio Version 17
VisualStudioVersion = 17.5.2.0
MinimumVisualStudioVersion = 10.0.40219.1
Project("{FAE04EC0-301F-11D3-BF4B-00C04F79EFBC}") = "CTG2", "CTG2.csproj", "{39D0E936-5119-2269-3F5B-1ED8C6CA0020}"
EndProject
Global
	GlobalSection(SolutionConfigurationPlatforms) = preSolution
		Debug|Any CPU = Debug|Any CPU
		Release|Any CPU = Release|Any CPU
	EndGlobalSection
	GlobalSection(ProjectConfigurationPlatforms) = postSolution
		{39D0E936-5119-2269-3F5B-1ED8C6CA0020}.Debug|Any CPU.ActiveCfg = Debug|Any CPU
		{39D0E936-5119-2269-3F5B-1ED8C6CA0020}.Debug|Any CPU.Build.0 = Debug|Any CPU
		{39D0E936-5119-2269-3F5B-1ED8C6CA0020}.Release|Any CPU.ActiveCfg = Release|Any CPU
		{39D0E936-5119-2269-3F5B-1ED8C6CA0020}.Release|Any CPU.Build.0 = Release|Any CPU
	EndGlobalSection
	GlobalSection(SolutionProperties) = preSolution
		HideSolutionNode = FALSE
	EndGlobalSection
	GlobalSection(ExtensibilityGlobals) = postSolution
		SolutionGuid = {53292AAA-1129-4C66-8751-279E42D2140A}
	EndGlobalSection
EndGlobal
