Microsoft Visual Studio Solution File, Format Version 12.00
# Visual Studio Version 17
VisualStudioVersion = 17.5.2.0
MinimumVisualStudioVersion = 10.0.40219.1
Project("{FAE04EC0-301F-11D3-BF4B-00C04F79EFBC}") = "DirectDashMod", "DirectDashMod.csproj", "{52FA4C90-A96C-C2ED-872C-94E432FB4A9F}"
EndProject
Global
	GlobalSection(SolutionConfigurationPlatforms) = preSolution
		Debug|Any CPU = Debug|Any CPU
		Release|Any CPU = Release|Any CPU
	EndGlobalSection
	GlobalSection(ProjectConfigurationPlatforms) = postSolution
		{52FA4C90-A96C-C2ED-872C-94E432FB4A9F}.Debug|Any CPU.ActiveCfg = Debug|Any CPU
		{52FA4C90-A96C-C2ED-872C-94E432FB4A9F}.Debug|Any CPU.Build.0 = Debug|Any CPU
		{52FA4C90-A96C-C2ED-872C-94E432FB4A9F}.Release|Any CPU.ActiveCfg = Release|Any CPU
		{52FA4C90-A96C-C2ED-872C-94E432FB4A9F}.Release|Any CPU.Build.0 = Release|Any CPU
	EndGlobalSection
	GlobalSection(SolutionProperties) = preSolution
		HideSolutionNode = FALSE
	EndGlobalSection
	GlobalSection(ExtensibilityGlobals) = postSolution
		SolutionGuid = {FE4CB88D-A059-46D6-B7E5-B1B8BCB4E35A}
	EndGlobalSection
EndGlobal
